
Microsoft Visual Studio Solution File, Format Version 12.00
# Visual Studio Version 16
VisualStudioVersion = 25.0.1706.7
MinimumVisualStudioVersion = 10.0.40219.1
Project("{FAE04EC0-301F-11D3-BF4B-00C04F79EFBC}") = "Campaigns", "Campaigns\Campaigns.csproj", "{1FDFB6A1-0A08-41C7-8AB3-5AADE5FC78CD}"
EndProject
Global
	GlobalSection(SolutionConfigurationPlatforms) = preSolution
		Debug|Any CPU = Debug|Any CPU
		Release|Any CPU = Release|Any CPU
	EndGlobalSection
	GlobalSection(ProjectConfigurationPlatforms) = postSolution
		{1FDFB6A1-0A08-41C7-8AB3-5AADE5FC78CD}.Debug|Any CPU.ActiveCfg = Debug|Any CPU
		{1FDFB6A1-0A08-41C7-8AB3-5AADE5FC78CD}.Debug|Any CPU.Build.0 = Debug|Any CPU
		{1FDFB6A1-0A08-41C7-8AB3-5AADE5FC78CD}.Release|Any CPU.ActiveCfg = Release|Any CPU
		{1FDFB6A1-0A08-41C7-8AB3-5AADE5FC78CD}.Release|Any CPU.Build.0 = Release|Any CPU
	EndGlobalSection
	GlobalSection(SolutionProperties) = preSolution
		HideSolutionNode = FALSE
	EndGlobalSection
	GlobalSection(ExtensibilityGlobals) = postSolution
		SolutionGuid = {CD22B1AC-C0D9-4550-8133-25ACBBECC138}
	EndGlobalSection
EndGlobal
